
Microsoft Visual Studio Solution File, Format Version 12.00
# Visual Studio 15
VisualStudioVersion = 15.0.27004.2002
MinimumVisualStudioVersion = 10.0.40219.1
Project("{FAE04EC0-301F-11D3-BF4B-00C04F79EFBC}") = "Animal", "ConsoleApp1\Animal.csproj", "{DFBCC4B7-FA33-4322-86A1-2DE0ECD0F871}"
EndProject
Global
	GlobalSection(SolutionConfigurationPlatforms) = preSolution
		Debug|Any CPU = Debug|Any CPU
		Release|Any CPU = Release|Any CPU
	EndGlobalSection
	GlobalSection(ProjectConfigurationPlatforms) = postSolution
		{DFBCC4B7-FA33-4322-86A1-2DE0ECD0F871}.Debug|Any CPU.ActiveCfg = Debug|Any CPU
		{DFBCC4B7-FA33-4322-86A1-2DE0ECD0F871}.Debug|Any CPU.Build.0 = Debug|Any CPU
		{DFBCC4B7-FA33-4322-86A1-2DE0ECD0F871}.Release|Any CPU.ActiveCfg = Release|Any CPU
		{DFBCC4B7-FA33-4322-86A1-2DE0ECD0F871}.Release|Any CPU.Build.0 = Release|Any CPU
	EndGlobalSection
	GlobalSection(SolutionProperties) = preSolution
		HideSolutionNode = FALSE
	EndGlobalSection
	GlobalSection(ExtensibilityGlobals) = postSolution
		SolutionGuid = {5E399160-43B3-4D00-AFBB-3B666BA6BBB8}
	EndGlobalSection
EndGlobal
